
Microsoft Visual Studio Solution File, Format Version 12.00
# Visual Studio Version 16
VisualStudioVersion = 16.0.30114.105
MinimumVisualStudioVersion = 10.0.40219.1
Project("{FAE04EC0-301F-11D3-BF4B-00C04F79EFBC}") = "SoulsHksEditor", "SoulsHksEditor\SoulsHksEditor.csproj", "{6F9F4ABE-B4A9-430B-90DF-2B1DBC70258C}"
EndProject
Project("{9A19103F-16F7-4668-BE54-9A1E7A4F7556}") = "NodeNetwork", "ThirdParty\NodeNetwork\NodeNetwork\NodeNetwork.csproj", "{3BA991F2-E0C7-47E8-B33C-8A60737A0B3D}"
EndProject
Global
	GlobalSection(SolutionConfigurationPlatforms) = preSolution
		Debug|Any CPU = Debug|Any CPU
		Release|Any CPU = Release|Any CPU
	EndGlobalSection
	GlobalSection(ProjectConfigurationPlatforms) = postSolution
		{6F9F4ABE-B4A9-430B-90DF-2B1DBC70258C}.Debug|Any CPU.ActiveCfg = Debug|Any CPU
		{6F9F4ABE-B4A9-430B-90DF-2B1DBC70258C}.Debug|Any CPU.Build.0 = Debug|Any CPU
		{6F9F4ABE-B4A9-430B-90DF-2B1DBC70258C}.Release|Any CPU.ActiveCfg = Release|Any CPU
		{6F9F4ABE-B4A9-430B-90DF-2B1DBC70258C}.Release|Any CPU.Build.0 = Release|Any CPU
		{3BA991F2-E0C7-47E8-B33C-8A60737A0B3D}.Debug|Any CPU.ActiveCfg = Debug|Any CPU
		{3BA991F2-E0C7-47E8-B33C-8A60737A0B3D}.Debug|Any CPU.Build.0 = Debug|Any CPU
		{3BA991F2-E0C7-47E8-B33C-8A60737A0B3D}.Release|Any CPU.ActiveCfg = Release|Any CPU
		{3BA991F2-E0C7-47E8-B33C-8A60737A0B3D}.Release|Any CPU.Build.0 = Release|Any CPU
	EndGlobalSection
	GlobalSection(SolutionProperties) = preSolution
		HideSolutionNode = FALSE
	EndGlobalSection
	GlobalSection(ExtensibilityGlobals) = postSolution
		SolutionGuid = {E1ABF78D-6654-414C-9A69-8B5573196F0B}
	EndGlobalSection
EndGlobal
